
Microsoft Visual Studio Solution File, Format Version 12.00
# Visual Studio Version 16
VisualStudioVersion = 16.0.30320.27
MinimumVisualStudioVersion = 10.0.40219.1
Project("{2150E333-8FDC-42A3-9474-1A3956D46DE8}") = "Solution Items", "Solution Items", "{D1AF52FC-97CC-4331-ABF1-DECE3F74A0CD}"
	ProjectSection(SolutionItems) = preProject
		.gitignore = .gitignore
		readme.md = readme.md
	EndProjectSection
EndProject
Project("{9A19103F-16F7-4668-BE54-9A1E7A4F7556}") = "BB8", "BB8\BB8.csproj", "{E19D7CE6-B2AC-45DF-8016-4C09314D64D3}"
EndProject
Project("{9A19103F-16F7-4668-BE54-9A1E7A4F7556}") = "BB8.Dashboard", "BB8.Dashboard\BB8.Dashboard.csproj", "{E39A53B3-7DAE-4CA3-936C-076181588D0A}"
EndProject
Global
	GlobalSection(SolutionConfigurationPlatforms) = preSolution
		Debug|Any CPU = Debug|Any CPU
		Release|Any CPU = Release|Any CPU
	EndGlobalSection
	GlobalSection(ProjectConfigurationPlatforms) = postSolution
		{E19D7CE6-B2AC-45DF-8016-4C09314D64D3}.Debug|Any CPU.ActiveCfg = Debug|Any CPU
		{E19D7CE6-B2AC-45DF-8016-4C09314D64D3}.Debug|Any CPU.Build.0 = Debug|Any CPU
		{E19D7CE6-B2AC-45DF-8016-4C09314D64D3}.Release|Any CPU.ActiveCfg = Release|Any CPU
		{E19D7CE6-B2AC-45DF-8016-4C09314D64D3}.Release|Any CPU.Build.0 = Release|Any CPU
		{E39A53B3-7DAE-4CA3-936C-076181588D0A}.Debug|Any CPU.ActiveCfg = Debug|Any CPU
		{E39A53B3-7DAE-4CA3-936C-076181588D0A}.Debug|Any CPU.Build.0 = Debug|Any CPU
		{E39A53B3-7DAE-4CA3-936C-076181588D0A}.Release|Any CPU.ActiveCfg = Release|Any CPU
		{E39A53B3-7DAE-4CA3-936C-076181588D0A}.Release|Any CPU.Build.0 = Release|Any CPU
	EndGlobalSection
	GlobalSection(SolutionProperties) = preSolution
		HideSolutionNode = FALSE
	EndGlobalSection
	GlobalSection(ExtensibilityGlobals) = postSolution
		SolutionGuid = {0C7D7A76-21A8-4424-9A1D-7DF12F261B7A}
	EndGlobalSection
EndGlobal
